
Microsoft Visual Studio Solution File, Format Version 12.00
# Visual Studio 15
VisualStudioVersion = 15.0.28307.1169
MinimumVisualStudioVersion = 10.0.40219.1
Project("{FAE04EC0-301F-11D3-BF4B-00C04F79EFBC}") = "0622_ClassAdvanced_Form", "0622_ClassAdvanced_Form\0622_ClassAdvanced_Form.csproj", "{6B15AD63-9047-418A-BE12-FF2BAC1D723F}"
EndProject
Global
	GlobalSection(SolutionConfigurationPlatforms) = preSolution
		Debug|Any CPU = Debug|Any CPU
		Release|Any CPU = Release|Any CPU
	EndGlobalSection
	GlobalSection(ProjectConfigurationPlatforms) = postSolution
		{6B15AD63-9047-418A-BE12-FF2BAC1D723F}.Debug|Any CPU.ActiveCfg = Debug|Any CPU
		{6B15AD63-9047-418A-BE12-FF2BAC1D723F}.Debug|Any CPU.Build.0 = Debug|Any CPU
		{6B15AD63-9047-418A-BE12-FF2BAC1D723F}.Release|Any CPU.ActiveCfg = Release|Any CPU
		{6B15AD63-9047-418A-BE12-FF2BAC1D723F}.Release|Any CPU.Build.0 = Release|Any CPU
	EndGlobalSection
	GlobalSection(SolutionProperties) = preSolution
		HideSolutionNode = FALSE
	EndGlobalSection
	GlobalSection(ExtensibilityGlobals) = postSolution
		SolutionGuid = {A5EE726B-FC1E-405D-ABD4-A17344FEFE91}
	EndGlobalSection
EndGlobal
