
Microsoft Visual Studio Solution File, Format Version 12.00
# Visual Studio 15
VisualStudioVersion = 15.0.28307.1169
MinimumVisualStudioVersion = 10.0.40219.1
Project("{FAE04EC0-301F-11D3-BF4B-00C04F79EFBC}") = "0624_HW_Serial_ADValue", "0624_HW_Serial_ADValue\0624_HW_Serial_ADValue.csproj", "{6888F24B-BE01-4EB3-AB49-80F5C4C5F84F}"
EndProject
Global
	GlobalSection(SolutionConfigurationPlatforms) = preSolution
		Debug|Any CPU = Debug|Any CPU
		Release|Any CPU = Release|Any CPU
	EndGlobalSection
	GlobalSection(ProjectConfigurationPlatforms) = postSolution
		{6888F24B-BE01-4EB3-AB49-80F5C4C5F84F}.Debug|Any CPU.ActiveCfg = Debug|Any CPU
		{6888F24B-BE01-4EB3-AB49-80F5C4C5F84F}.Debug|Any CPU.Build.0 = Debug|Any CPU
		{6888F24B-BE01-4EB3-AB49-80F5C4C5F84F}.Release|Any CPU.ActiveCfg = Release|Any CPU
		{6888F24B-BE01-4EB3-AB49-80F5C4C5F84F}.Release|Any CPU.Build.0 = Release|Any CPU
	EndGlobalSection
	GlobalSection(SolutionProperties) = preSolution
		HideSolutionNode = FALSE
	EndGlobalSection
	GlobalSection(ExtensibilityGlobals) = postSolution
		SolutionGuid = {8EBC3BD0-249E-42E6-BC4E-CAC3F8DF3419}
	EndGlobalSection
EndGlobal
