
Microsoft Visual Studio Solution File, Format Version 12.00
# Visual Studio 15
VisualStudioVersion = 15.0.28307.1169
MinimumVisualStudioVersion = 10.0.40219.1
Project("{FAE04EC0-301F-11D3-BF4B-00C04F79EFBC}") = "0623_Winform_Interface01", "0623_Winform_Interface01\0623_Winform_Interface01.csproj", "{729B415A-AD21-4919-8D32-A138710F17B7}"
EndProject
Global
	GlobalSection(SolutionConfigurationPlatforms) = preSolution
		Debug|Any CPU = Debug|Any CPU
		Release|Any CPU = Release|Any CPU
	EndGlobalSection
	GlobalSection(ProjectConfigurationPlatforms) = postSolution
		{729B415A-AD21-4919-8D32-A138710F17B7}.Debug|Any CPU.ActiveCfg = Debug|Any CPU
		{729B415A-AD21-4919-8D32-A138710F17B7}.Debug|Any CPU.Build.0 = Debug|Any CPU
		{729B415A-AD21-4919-8D32-A138710F17B7}.Release|Any CPU.ActiveCfg = Release|Any CPU
		{729B415A-AD21-4919-8D32-A138710F17B7}.Release|Any CPU.Build.0 = Release|Any CPU
	EndGlobalSection
	GlobalSection(SolutionProperties) = preSolution
		HideSolutionNode = FALSE
	EndGlobalSection
	GlobalSection(ExtensibilityGlobals) = postSolution
		SolutionGuid = {738C6801-1A96-49A3-B465-1264377B0ED0}
	EndGlobalSection
EndGlobal
