
Microsoft Visual Studio Solution File, Format Version 12.00
# Visual Studio 15
VisualStudioVersion = 15.0.28307.1169
MinimumVisualStudioVersion = 10.0.40219.1
Project("{FAE04EC0-301F-11D3-BF4B-00C04F79EFBC}") = "0706_SuperSonic04", "0706_SuperSonic04\0706_SuperSonic04.csproj", "{BDE6C2C8-BFD6-4C65-86C3-E6A697E89CA6}"
EndProject
Global
	GlobalSection(SolutionConfigurationPlatforms) = preSolution
		Debug|Any CPU = Debug|Any CPU
		Release|Any CPU = Release|Any CPU
	EndGlobalSection
	GlobalSection(ProjectConfigurationPlatforms) = postSolution
		{BDE6C2C8-BFD6-4C65-86C3-E6A697E89CA6}.Debug|Any CPU.ActiveCfg = Debug|Any CPU
		{BDE6C2C8-BFD6-4C65-86C3-E6A697E89CA6}.Debug|Any CPU.Build.0 = Debug|Any CPU
		{BDE6C2C8-BFD6-4C65-86C3-E6A697E89CA6}.Release|Any CPU.ActiveCfg = Release|Any CPU
		{BDE6C2C8-BFD6-4C65-86C3-E6A697E89CA6}.Release|Any CPU.Build.0 = Release|Any CPU
	EndGlobalSection
	GlobalSection(SolutionProperties) = preSolution
		HideSolutionNode = FALSE
	EndGlobalSection
	GlobalSection(ExtensibilityGlobals) = postSolution
		SolutionGuid = {FB8C9B0A-6BBA-4644-A21D-66280DB9A229}
	EndGlobalSection
EndGlobal
