
Microsoft Visual Studio Solution File, Format Version 12.00
# Visual Studio 15
VisualStudioVersion = 15.0.28307.1169
MinimumVisualStudioVersion = 10.0.40219.1
Project("{FAE04EC0-301F-11D3-BF4B-00C04F79EFBC}") = "0626_HW_MP3_01", "0626_HW_MP3_01\0626_HW_MP3_01.csproj", "{36A0290F-368F-4ED1-8A7E-AA84C5748E4A}"
EndProject
Global
	GlobalSection(SolutionConfigurationPlatforms) = preSolution
		Debug|Any CPU = Debug|Any CPU
		Release|Any CPU = Release|Any CPU
	EndGlobalSection
	GlobalSection(ProjectConfigurationPlatforms) = postSolution
		{36A0290F-368F-4ED1-8A7E-AA84C5748E4A}.Debug|Any CPU.ActiveCfg = Debug|Any CPU
		{36A0290F-368F-4ED1-8A7E-AA84C5748E4A}.Debug|Any CPU.Build.0 = Debug|Any CPU
		{36A0290F-368F-4ED1-8A7E-AA84C5748E4A}.Release|Any CPU.ActiveCfg = Release|Any CPU
		{36A0290F-368F-4ED1-8A7E-AA84C5748E4A}.Release|Any CPU.Build.0 = Release|Any CPU
	EndGlobalSection
	GlobalSection(SolutionProperties) = preSolution
		HideSolutionNode = FALSE
	EndGlobalSection
	GlobalSection(ExtensibilityGlobals) = postSolution
		SolutionGuid = {65C9E6A5-DCBB-479A-8D57-C596538F2884}
	EndGlobalSection
EndGlobal
