
Microsoft Visual Studio Solution File, Format Version 12.00
# Visual Studio 15
VisualStudioVersion = 15.0.28307.1169
MinimumVisualStudioVersion = 10.0.40219.1
Project("{FAE04EC0-301F-11D3-BF4B-00C04F79EFBC}") = "beginning02_class", "beginning02_class\beginning02_class.csproj", "{A833F98F-BB31-44CE-91D5-0C52864BC5DD}"
EndProject
Global
	GlobalSection(SolutionConfigurationPlatforms) = preSolution
		Debug|Any CPU = Debug|Any CPU
		Release|Any CPU = Release|Any CPU
	EndGlobalSection
	GlobalSection(ProjectConfigurationPlatforms) = postSolution
		{A833F98F-BB31-44CE-91D5-0C52864BC5DD}.Debug|Any CPU.ActiveCfg = Debug|Any CPU
		{A833F98F-BB31-44CE-91D5-0C52864BC5DD}.Debug|Any CPU.Build.0 = Debug|Any CPU
		{A833F98F-BB31-44CE-91D5-0C52864BC5DD}.Release|Any CPU.ActiveCfg = Release|Any CPU
		{A833F98F-BB31-44CE-91D5-0C52864BC5DD}.Release|Any CPU.Build.0 = Release|Any CPU
	EndGlobalSection
	GlobalSection(SolutionProperties) = preSolution
		HideSolutionNode = FALSE
	EndGlobalSection
	GlobalSection(ExtensibilityGlobals) = postSolution
		SolutionGuid = {70BDC22F-B241-4EDB-AC39-D3C708CBB10F}
	EndGlobalSection
EndGlobal
