
Microsoft Visual Studio Solution File, Format Version 12.00
# Visual Studio 15
VisualStudioVersion = 15.0.28307.1169
MinimumVisualStudioVersion = 10.0.40219.1
Project("{FAE04EC0-301F-11D3-BF4B-00C04F79EFBC}") = "0619_HW01", "0619_HW01\0619_HW01.csproj", "{02453400-5339-4C5B-8F68-8C1F39F23A65}"
EndProject
Global
	GlobalSection(SolutionConfigurationPlatforms) = preSolution
		Debug|Any CPU = Debug|Any CPU
		Release|Any CPU = Release|Any CPU
	EndGlobalSection
	GlobalSection(ProjectConfigurationPlatforms) = postSolution
		{02453400-5339-4C5B-8F68-8C1F39F23A65}.Debug|Any CPU.ActiveCfg = Debug|Any CPU
		{02453400-5339-4C5B-8F68-8C1F39F23A65}.Debug|Any CPU.Build.0 = Debug|Any CPU
		{02453400-5339-4C5B-8F68-8C1F39F23A65}.Release|Any CPU.ActiveCfg = Release|Any CPU
		{02453400-5339-4C5B-8F68-8C1F39F23A65}.Release|Any CPU.Build.0 = Release|Any CPU
	EndGlobalSection
	GlobalSection(SolutionProperties) = preSolution
		HideSolutionNode = FALSE
	EndGlobalSection
	GlobalSection(ExtensibilityGlobals) = postSolution
		SolutionGuid = {BA1BFEC5-21E5-4C12-830F-1311F08144D3}
	EndGlobalSection
EndGlobal
