
Microsoft Visual Studio Solution File, Format Version 12.00
# Visual Studio 15
VisualStudioVersion = 15.0.28307.1169
MinimumVisualStudioVersion = 10.0.40219.1
Project("{FAE04EC0-301F-11D3-BF4B-00C04F79EFBC}") = "0629_Review01", "0629_Review01\0629_Review01.csproj", "{5CC144BC-3466-4851-B935-A125C2AEA43C}"
EndProject
Global
	GlobalSection(SolutionConfigurationPlatforms) = preSolution
		Debug|Any CPU = Debug|Any CPU
		Release|Any CPU = Release|Any CPU
	EndGlobalSection
	GlobalSection(ProjectConfigurationPlatforms) = postSolution
		{5CC144BC-3466-4851-B935-A125C2AEA43C}.Debug|Any CPU.ActiveCfg = Debug|Any CPU
		{5CC144BC-3466-4851-B935-A125C2AEA43C}.Debug|Any CPU.Build.0 = Debug|Any CPU
		{5CC144BC-3466-4851-B935-A125C2AEA43C}.Release|Any CPU.ActiveCfg = Release|Any CPU
		{5CC144BC-3466-4851-B935-A125C2AEA43C}.Release|Any CPU.Build.0 = Release|Any CPU
	EndGlobalSection
	GlobalSection(SolutionProperties) = preSolution
		HideSolutionNode = FALSE
	EndGlobalSection
	GlobalSection(ExtensibilityGlobals) = postSolution
		SolutionGuid = {AA550233-D7C6-4EEA-99D0-DBF272969661}
	EndGlobalSection
EndGlobal
