
Microsoft Visual Studio Solution File, Format Version 12.00
# Visual Studio 15
VisualStudioVersion = 15.0.28307.1169
MinimumVisualStudioVersion = 10.0.40219.1
Project("{FAE04EC0-301F-11D3-BF4B-00C04F79EFBC}") = "0622_Method01", "0622_Method01\0622_Method01.csproj", "{739320E1-BBAA-4BCD-BF24-F81699A05738}"
EndProject
Global
	GlobalSection(SolutionConfigurationPlatforms) = preSolution
		Debug|Any CPU = Debug|Any CPU
		Release|Any CPU = Release|Any CPU
	EndGlobalSection
	GlobalSection(ProjectConfigurationPlatforms) = postSolution
		{739320E1-BBAA-4BCD-BF24-F81699A05738}.Debug|Any CPU.ActiveCfg = Debug|Any CPU
		{739320E1-BBAA-4BCD-BF24-F81699A05738}.Debug|Any CPU.Build.0 = Debug|Any CPU
		{739320E1-BBAA-4BCD-BF24-F81699A05738}.Release|Any CPU.ActiveCfg = Release|Any CPU
		{739320E1-BBAA-4BCD-BF24-F81699A05738}.Release|Any CPU.Build.0 = Release|Any CPU
	EndGlobalSection
	GlobalSection(SolutionProperties) = preSolution
		HideSolutionNode = FALSE
	EndGlobalSection
	GlobalSection(ExtensibilityGlobals) = postSolution
		SolutionGuid = {26E98D80-B967-416F-AC5E-60B42DCC7C6F}
	EndGlobalSection
EndGlobal
