
Microsoft Visual Studio Solution File, Format Version 12.00
# Visual Studio 15
VisualStudioVersion = 15.0.28307.1169
MinimumVisualStudioVersion = 10.0.40219.1
Project("{FAE04EC0-301F-11D3-BF4B-00C04F79EFBC}") = "0629_Beginning03_Serial", "0629_Beginning03_Serial\0629_Beginning03_Serial.csproj", "{B2076105-2FBA-43C3-953D-4DD0938F9D17}"
EndProject
Global
	GlobalSection(SolutionConfigurationPlatforms) = preSolution
		Debug|Any CPU = Debug|Any CPU
		Release|Any CPU = Release|Any CPU
	EndGlobalSection
	GlobalSection(ProjectConfigurationPlatforms) = postSolution
		{B2076105-2FBA-43C3-953D-4DD0938F9D17}.Debug|Any CPU.ActiveCfg = Debug|Any CPU
		{B2076105-2FBA-43C3-953D-4DD0938F9D17}.Debug|Any CPU.Build.0 = Debug|Any CPU
		{B2076105-2FBA-43C3-953D-4DD0938F9D17}.Release|Any CPU.ActiveCfg = Release|Any CPU
		{B2076105-2FBA-43C3-953D-4DD0938F9D17}.Release|Any CPU.Build.0 = Release|Any CPU
	EndGlobalSection
	GlobalSection(SolutionProperties) = preSolution
		HideSolutionNode = FALSE
	EndGlobalSection
	GlobalSection(ExtensibilityGlobals) = postSolution
		SolutionGuid = {E8915A3B-B0A8-45AE-B9B0-48AF4C9C84B1}
	EndGlobalSection
EndGlobal
