
Microsoft Visual Studio Solution File, Format Version 12.00
# Visual Studio 15
VisualStudioVersion = 15.0.28307.1169
MinimumVisualStudioVersion = 10.0.40219.1
Project("{FAE04EC0-301F-11D3-BF4B-00C04F79EFBC}") = "0623_HW01", "0623_HW01\0623_HW01.csproj", "{4098FA09-1A14-48A7-B48D-E5224B7647CD}"
EndProject
Global
	GlobalSection(SolutionConfigurationPlatforms) = preSolution
		Debug|Any CPU = Debug|Any CPU
		Release|Any CPU = Release|Any CPU
	EndGlobalSection
	GlobalSection(ProjectConfigurationPlatforms) = postSolution
		{4098FA09-1A14-48A7-B48D-E5224B7647CD}.Debug|Any CPU.ActiveCfg = Debug|Any CPU
		{4098FA09-1A14-48A7-B48D-E5224B7647CD}.Debug|Any CPU.Build.0 = Debug|Any CPU
		{4098FA09-1A14-48A7-B48D-E5224B7647CD}.Release|Any CPU.ActiveCfg = Release|Any CPU
		{4098FA09-1A14-48A7-B48D-E5224B7647CD}.Release|Any CPU.Build.0 = Release|Any CPU
	EndGlobalSection
	GlobalSection(SolutionProperties) = preSolution
		HideSolutionNode = FALSE
	EndGlobalSection
	GlobalSection(ExtensibilityGlobals) = postSolution
		SolutionGuid = {08715985-D828-4265-AD8A-3AED8720D0EA}
	EndGlobalSection
EndGlobal
