
Microsoft Visual Studio Solution File, Format Version 12.00
# Visual Studio 15
VisualStudioVersion = 15.0.28307.1169
MinimumVisualStudioVersion = 10.0.40219.1
Project("{FAE04EC0-301F-11D3-BF4B-00C04F79EFBC}") = "0622_EventMethod01", "0622_EventMethod01\0622_EventMethod01.csproj", "{318B1289-5699-4518-AC91-6F6341CF90C3}"
EndProject
Global
	GlobalSection(SolutionConfigurationPlatforms) = preSolution
		Debug|Any CPU = Debug|Any CPU
		Release|Any CPU = Release|Any CPU
	EndGlobalSection
	GlobalSection(ProjectConfigurationPlatforms) = postSolution
		{318B1289-5699-4518-AC91-6F6341CF90C3}.Debug|Any CPU.ActiveCfg = Debug|Any CPU
		{318B1289-5699-4518-AC91-6F6341CF90C3}.Debug|Any CPU.Build.0 = Debug|Any CPU
		{318B1289-5699-4518-AC91-6F6341CF90C3}.Release|Any CPU.ActiveCfg = Release|Any CPU
		{318B1289-5699-4518-AC91-6F6341CF90C3}.Release|Any CPU.Build.0 = Release|Any CPU
	EndGlobalSection
	GlobalSection(SolutionProperties) = preSolution
		HideSolutionNode = FALSE
	EndGlobalSection
	GlobalSection(ExtensibilityGlobals) = postSolution
		SolutionGuid = {FA5106CA-8D12-4CF9-BFAC-210E7813E9F2}
	EndGlobalSection
EndGlobal
