
Microsoft Visual Studio Solution File, Format Version 12.00
# Visual Studio 15
VisualStudioVersion = 15.0.28307.1169
MinimumVisualStudioVersion = 10.0.40219.1
Project("{FAE04EC0-301F-11D3-BF4B-00C04F79EFBC}") = "0629_WFPTest01", "0629_WFPTest01\0629_WFPTest01.csproj", "{935EDCEE-661E-4491-A236-F52EC456F032}"
EndProject
Global
	GlobalSection(SolutionConfigurationPlatforms) = preSolution
		Debug|Any CPU = Debug|Any CPU
		Release|Any CPU = Release|Any CPU
	EndGlobalSection
	GlobalSection(ProjectConfigurationPlatforms) = postSolution
		{935EDCEE-661E-4491-A236-F52EC456F032}.Debug|Any CPU.ActiveCfg = Debug|Any CPU
		{935EDCEE-661E-4491-A236-F52EC456F032}.Debug|Any CPU.Build.0 = Debug|Any CPU
		{935EDCEE-661E-4491-A236-F52EC456F032}.Release|Any CPU.ActiveCfg = Release|Any CPU
		{935EDCEE-661E-4491-A236-F52EC456F032}.Release|Any CPU.Build.0 = Release|Any CPU
	EndGlobalSection
	GlobalSection(SolutionProperties) = preSolution
		HideSolutionNode = FALSE
	EndGlobalSection
	GlobalSection(ExtensibilityGlobals) = postSolution
		SolutionGuid = {11CC635A-B151-40F6-BF1B-5D1E7E3FF405}
	EndGlobalSection
EndGlobal
